{
  "name": "simple-integration",
  "version": "1.0.0",
  "lockfileVersion": 3,
  "requires": true,
  "packages": {
    "": {
      "name": "simple-integration",
      "version": "1.0.0",
      "license": "ISC",
      "dependencies": {
        "blindpay": "^1.0.4"
      }
    },
    "node_modules/blindpay": {
      "version": "1.0.4",
      "resolved": "https://registry.npmjs.org/blindpay/-/blindpay-1.0.4.tgz",
      "integrity": "sha512-VxSRNjjOEHs4Q4NkoJeRpq8tzMKRzqtvvcSXY/aZEACb0mQydSNXG+KB/U9rrNY4trIclhFRsuEIaNFNbJjKYg==",
      "license": "MIT"
    }
  }
}
